github.com/adimax2953/log-tool v0.0.0-20220713105936-91eb564d09a9 h1:ltdA3BAg0o8snl85KO0GBzodfxB+wp9Jajy/eyDdf+M=
github.com/adimax2953/log-tool v0.0.0-20220713105936-91eb564d09a9/go.mod h1:XgH/D0Ujfr5LBJNh2PJVkC0qdwICd0OHiv2BY9ry8+s=
github.com/adimax2953/log-tool v0.0.0-20220714013708-98353ef2b691 h1:ewymPkbpQ4pw7FEEBUxHryY+wIaZh353Ss6dz8rlLBE=
github.com/adimax2953/log-tool v0.0.0-20220714013708-98353ef2b691/go.mod h1:XgH/D0Ujfr5LBJNh2PJVkC0qdwICd0OHiv2BY9ry8+s=
